
Microsoft Visual Studio Solution File, Format Version 12.00
# Visual Studio 15
VisualStudioVersion = 15.0.28010.2016
MinimumVisualStudioVersion = 10.0.40219.1
Project("{9092AA53-FB77-4645-B42D-1CCCA6BD08BD}") = "GISExpress", "GISExpress\GISExpress.njsproj", "{17EF6739-FA55-427E-A7A4-644DC7263B1E}"
EndProject
Global
	GlobalSection(SolutionConfigurationPlatforms) = preSolution
		Debug|Any CPU = Debug|Any CPU
		Release|Any CPU = Release|Any CPU
	EndGlobalSection
	GlobalSection(ProjectConfigurationPlatforms) = postSolution
		{17EF6739-FA55-427E-A7A4-644DC7263B1E}.Debug|Any CPU.ActiveCfg = Debug|Any CPU
		{17EF6739-FA55-427E-A7A4-644DC7263B1E}.Debug|Any CPU.Build.0 = Debug|Any CPU
		{17EF6739-FA55-427E-A7A4-644DC7263B1E}.Release|Any CPU.ActiveCfg = Release|Any CPU
		{17EF6739-FA55-427E-A7A4-644DC7263B1E}.Release|Any CPU.Build.0 = Release|Any CPU
	EndGlobalSection
	GlobalSection(SolutionProperties) = preSolution
		HideSolutionNode = FALSE
	EndGlobalSection
	GlobalSection(ExtensibilityGlobals) = postSolution
		SolutionGuid = {255515CB-AF8B-4FE2-9AA1-505F9C1114E0}
	EndGlobalSection
EndGlobal
